
Microsoft Visual Studio Solution File, Format Version 12.00
# Visual Studio Version 17
VisualStudioVersion = 17.1.32228.430
MinimumVisualStudioVersion = 10.0.40219.1
Project("{9A19103F-16F7-4668-BE54-9A1E7A4F7556}") = "WebApi.Controllers", "WebApi.Controllers\WebApi.Controllers.csproj", "{3196A570-7C78-43FE-AAA4-41D2C283B0B8}"
EndProject
Project("{FAE04EC0-301F-11D3-BF4B-00C04F79EFBC}") = "WebApi.Core", "WebApi.Core\WebApi.Core.csproj", "{56B6678C-4030-442B-B18E-C265F6CEF469}"
EndProject
Project("{FAE04EC0-301F-11D3-BF4B-00C04F79EFBC}") = "WebApi.Persistence", "WebApi.Persistence\WebApi.Persistence.csproj", "{53291407-B74C-4961-AE00-216E37031249}"
EndProject
Project("{2150E333-8FDC-42A3-9474-1A3956D46DE8}") = "Controllers", "Controllers", "{E00BF8AB-D225-4819-BA00-2B5478B622AE}"
EndProject
Project("{2150E333-8FDC-42A3-9474-1A3956D46DE8}") = "Core", "Core", "{C2F83D19-A1CA-4428-9FD5-7B0AE01E19FD}"
EndProject
Project("{FAE04EC0-301F-11D3-BF4B-00C04F79EFBC}") = "WebApiTest.Core", "WebApiTest.Core\WebApiTest.Core.csproj", "{FB4ECE61-7DAE-4757-BC62-5FF9CFFDC4BA}"
EndProject
Project("{2150E333-8FDC-42A3-9474-1A3956D46DE8}") = "Persistence", "Persistence", "{07B9B26C-35CE-4186-B979-146862DBA72B}"
EndProject
Project("{FAE04EC0-301F-11D3-BF4B-00C04F79EFBC}") = "WebApiTest.Persistence", "WebApiTest.Persistence\WebApiTest.Persistence.csproj", "{FA993B16-D89D-44BE-80E3-91F4DAEC3D8C}"
EndProject
Project("{FAE04EC0-301F-11D3-BF4B-00C04F79EFBC}") = "WebApiTest.Controllers", "WebApiTest.Controllers\WebApiTest.Controllers.csproj", "{93A617BD-7660-4B39-9ADA-1DC7A51EF0D0}"
EndProject
Project("{FAE04EC0-301F-11D3-BF4B-00C04F79EFBC}") = "WebApiTest.Controllers.EndToEnd", "WebApiTest.Controllers.EndToEnd\WebApiTest.Controllers.EndToEnd.csproj", "{2036BA56-2F79-49D4-9960-9A45564FCA88}"
EndProject
Global
	GlobalSection(SolutionConfigurationPlatforms) = preSolution
		Debug|Any CPU = Debug|Any CPU
		Release|Any CPU = Release|Any CPU
	EndGlobalSection
	GlobalSection(ProjectConfigurationPlatforms) = postSolution
		{3196A570-7C78-43FE-AAA4-41D2C283B0B8}.Debug|Any CPU.ActiveCfg = Debug|Any CPU
		{3196A570-7C78-43FE-AAA4-41D2C283B0B8}.Debug|Any CPU.Build.0 = Debug|Any CPU
		{3196A570-7C78-43FE-AAA4-41D2C283B0B8}.Release|Any CPU.ActiveCfg = Release|Any CPU
		{3196A570-7C78-43FE-AAA4-41D2C283B0B8}.Release|Any CPU.Build.0 = Release|Any CPU
		{56B6678C-4030-442B-B18E-C265F6CEF469}.Debug|Any CPU.ActiveCfg = Debug|Any CPU
		{56B6678C-4030-442B-B18E-C265F6CEF469}.Debug|Any CPU.Build.0 = Debug|Any CPU
		{56B6678C-4030-442B-B18E-C265F6CEF469}.Release|Any CPU.ActiveCfg = Release|Any CPU
		{56B6678C-4030-442B-B18E-C265F6CEF469}.Release|Any CPU.Build.0 = Release|Any CPU
		{53291407-B74C-4961-AE00-216E37031249}.Debug|Any CPU.ActiveCfg = Debug|Any CPU
		{53291407-B74C-4961-AE00-216E37031249}.Debug|Any CPU.Build.0 = Debug|Any CPU
		{53291407-B74C-4961-AE00-216E37031249}.Release|Any CPU.ActiveCfg = Release|Any CPU
		{53291407-B74C-4961-AE00-216E37031249}.Release|Any CPU.Build.0 = Release|Any CPU
		{FB4ECE61-7DAE-4757-BC62-5FF9CFFDC4BA}.Debug|Any CPU.ActiveCfg = Debug|Any CPU
		{FB4ECE61-7DAE-4757-BC62-5FF9CFFDC4BA}.Debug|Any CPU.Build.0 = Debug|Any CPU
		{FB4ECE61-7DAE-4757-BC62-5FF9CFFDC4BA}.Release|Any CPU.ActiveCfg = Release|Any CPU
		{FB4ECE61-7DAE-4757-BC62-5FF9CFFDC4BA}.Release|Any CPU.Build.0 = Release|Any CPU
		{FA993B16-D89D-44BE-80E3-91F4DAEC3D8C}.Debug|Any CPU.ActiveCfg = Debug|Any CPU
		{FA993B16-D89D-44BE-80E3-91F4DAEC3D8C}.Debug|Any CPU.Build.0 = Debug|Any CPU
		{FA993B16-D89D-44BE-80E3-91F4DAEC3D8C}.Release|Any CPU.ActiveCfg = Release|Any CPU
		{FA993B16-D89D-44BE-80E3-91F4DAEC3D8C}.Release|Any CPU.Build.0 = Release|Any CPU
		{93A617BD-7660-4B39-9ADA-1DC7A51EF0D0}.Debug|Any CPU.ActiveCfg = Debug|Any CPU
		{93A617BD-7660-4B39-9ADA-1DC7A51EF0D0}.Debug|Any CPU.Build.0 = Debug|Any CPU
		{93A617BD-7660-4B39-9ADA-1DC7A51EF0D0}.Release|Any CPU.ActiveCfg = Release|Any CPU
		{93A617BD-7660-4B39-9ADA-1DC7A51EF0D0}.Release|Any CPU.Build.0 = Release|Any CPU
		{2036BA56-2F79-49D4-9960-9A45564FCA88}.Debug|Any CPU.ActiveCfg = Debug|Any CPU
		{2036BA56-2F79-49D4-9960-9A45564FCA88}.Debug|Any CPU.Build.0 = Debug|Any CPU
		{2036BA56-2F79-49D4-9960-9A45564FCA88}.Release|Any CPU.ActiveCfg = Release|Any CPU
		{2036BA56-2F79-49D4-9960-9A45564FCA88}.Release|Any CPU.Build.0 = Release|Any CPU
	EndGlobalSection
	GlobalSection(SolutionProperties) = preSolution
		HideSolutionNode = FALSE
	EndGlobalSection
	GlobalSection(ExtensibilityGlobals) = postSolution
		SolutionGuid = {9A42A668-677F-4C7B-A2CC-A9C53B019CD5}
	EndGlobalSection
	GlobalSection(NestedProjects) = preSolution
		{3196A570-7C78-43FE-AAA4-41D2C283B0B8} = {E00BF8AB-D225-4819-BA00-2B5478B622AE}
		{56B6678C-4030-442B-B18E-C265F6CEF469} = {C2F83D19-A1CA-4428-9FD5-7B0AE01E19FD}
		{FB4ECE61-7DAE-4757-BC62-5FF9CFFDC4BA} = {C2F83D19-A1CA-4428-9FD5-7B0AE01E19FD}
		{53291407-B74C-4961-AE00-216E37031249} = {07B9B26C-35CE-4186-B979-146862DBA72B}
		{FA993B16-D89D-44BE-80E3-91F4DAEC3D8C} = {07B9B26C-35CE-4186-B979-146862DBA72B}
		{93A617BD-7660-4B39-9ADA-1DC7A51EF0D0} = {E00BF8AB-D225-4819-BA00-2B5478B622AE}
		{2036BA56-2F79-49D4-9960-9A45564FCA88} = {E00BF8AB-D225-4819-BA00-2B5478B622AE}
	EndGlobalSection
EndGlobal
